hash: 69a3a8b7a9d0599e8735c745c07b87edf78b6477d1a040140953079cbf33cc4e
updated: 2018-01-01T16:34:04.637974809+06:00
imports:
- name: cloud.google.com/go
  version: fe3d41e1ecb2ce36ad3a979037c9b9a2b726226f
  subpackages:
  - compute/metadata
  - internal
- name: github.com/appscode/go
  version: f08cee5a2aa53a1ab6d30e4ae11e381d1b265f81
  subpackages:
  - analytics
  - context
  - encoding/json/types
  - encoding/yaml
  - homedir
  - ioutil
  - log
  - net/httpclient
  - runtime
  - strings
  - types
  - version
- name: github.com/appscode/kube-mon
  version: dd6884c63ee4615ca9ecdb7f0ca3e35c975bcca3
  subpackages:
  - api
- name: github.com/appscode/kutil
  version: a506fd42d3c4d688675c639c9c14c27b79275e73
  subpackages:
  - core/v1
  - meta
  - tools/analytics
- name: github.com/appscode/mergo
  version: e3000cb3d28c72b837601cac94debd91032d19fe
- name: github.com/appscode/osm
  version: 8e933dfca7c6a2730d77a63282369d843b1db1f4
  subpackages:
  - context
- name: github.com/aws/aws-sdk-go
  version: f4b2120243b92fc47d6a4af71b854b8d5f4de8b5
  subpackages:
  - aws
  - aws/awserr
  - aws/awsutil
  - aws/client
  - aws/client/metadata
  - aws/corehandlers
  - aws/credentials
  - aws/credentials/ec2rolecreds
  - aws/credentials/endpointcreds
  - aws/credentials/stscreds
  - aws/defaults
  - aws/ec2metadata
  - aws/endpoints
  - aws/request
  - aws/session
  - aws/signer/v4
  - private/protocol
  - private/protocol/query
  - private/protocol/query/queryutil
  - private/protocol/rest
  - private/protocol/restxml
  - private/protocol/xml/xmlutil
  - private/waiter
  - service/s3
  - service/s3/s3iface
  - service/s3/s3manager
  - service/sts
- name: github.com/Azure/azure-sdk-for-go
  version: 2d49bb8f2cee530cc16f1f1a9f0aae763dee257d
  subpackages:
  - storage
- name: github.com/Azure/go-ansiterm
  version: 19f72df4d05d31cbe1c56bfc8045c96babff6c7e
  subpackages:
  - winterm
- name: github.com/Azure/go-autorest
  version: f6e08fe5e4d45c9a66e40196d3fed5f37331d224
  subpackages:
  - autorest
  - autorest/adal
  - autorest/azure
  - autorest/date
- name: github.com/beorn7/perks
  version: 3ac7bf7a47d159a033b107610db8a1b6575507a4
  subpackages:
  - quantile
- name: github.com/cenkalti/backoff
  version: 61153c768f31ee5f130071d08fc82b85208528de
- name: github.com/cpuguy83/go-md2man
  version: 8d868be6e9bf9d5350910bab97a050e49887600f
  subpackages:
  - md2man
- name: github.com/davecgh/go-spew
  version: 782f4967f2dc4564575ca782fe2d04090b5faca8
  subpackages:
  - spew
- name: github.com/dgrijalva/jwt-go
  version: 01aeca54ebda6e0fbfafd0a524d234159c05ec20
- name: github.com/docker/distribution
  version: edc3ab29cdff8694dd6feb85cfeb4b5f1b38ed9c
  subpackages:
  - context
  - digestset
  - manifest
  - manifest/schema1
  - manifest/schema2
  - reference
  - uuid
- name: github.com/docker/docker
  version: 4f3616fb1c112e206b88cb7a9922bf49067a7756
  subpackages:
  - api
  - api/types
  - api/types/blkiodev
  - api/types/container
  - api/types/events
  - api/types/filters
  - api/types/image
  - api/types/mount
  - api/types/network
  - api/types/registry
  - api/types/strslice
  - api/types/swarm
  - api/types/swarm/runtime
  - api/types/time
  - api/types/versions
  - api/types/volume
  - client
  - pkg/ioutils
  - pkg/jsonlog
  - pkg/jsonmessage
  - pkg/longpath
  - pkg/mount
  - pkg/stdcopy
  - pkg/symlink
  - pkg/system
  - pkg/term
  - pkg/term/windows
  - pkg/tlsconfig
- name: github.com/docker/go-connections
  version: 3ede32e2033de7505e6500d6c868c2b9ed9f169d
  subpackages:
  - nat
  - sockets
  - tlsconfig
- name: github.com/docker/go-units
  version: 9e638d38cf6977a37a8ea0078f3ee75a7cdb2dd1
- name: github.com/docker/libtrust
  version: 9cbd2a1374f46905c68a4eb3694a130610adc62a
- name: github.com/docker/spdystream
  version: 449fdfce4d962303d702fec724ef0ad181c92528
  subpackages:
  - spdy
- name: github.com/emicklei/go-restful
  version: ff4f55a206334ef123e4f79bbf348980da81ca46
  subpackages:
  - log
- name: github.com/emicklei/go-restful-swagger12
  version: dcef7f55730566d41eae5db10e7d6981829720f6
- name: github.com/evanphx/json-patch
  version: 944e07253867aacae43c04b2e6a239005443f33a
- name: github.com/exponent-io/jsonpath
  version: d6023ce2651d8eafb5c75bb0c7167536102ec9f5
- name: github.com/fatih/camelcase
  version: f6a740d52f961c60348ebb109adde9f4635d7540
- name: github.com/ghodss/yaml
  version: 0ca9ea5df5451ffdf184b4428c902747c2c11cd7
- name: github.com/go-ini/ini
  version: 2e44421e256d82ebbf3d4d4fcabe8930b905eff3
- name: github.com/go-openapi/jsonpointer
  version: 46af16f9f7b149af66e5d1bd010e3574dc06de98
- name: github.com/go-openapi/jsonreference
  version: 13c6e3589ad90f49bd3e3bbe2c2cb3d7a4142272
- name: github.com/go-openapi/spec
  version: 6aced65f8501fe1217321abf0749d354824ba2ff
- name: github.com/go-openapi/swag
  version: 1d0bd113de87027671077d3c71eb3ac5d7dbba72
- name: github.com/gogo/protobuf
  version: c0656edd0d9eab7c66d1eb0c568f9039345796f7
  subpackages:
  - proto
  - sortkeys
- name: github.com/golang/glog
  version: 23def4e6c14b4da8ac2ed8007337bc5eb5007998
- name: github.com/golang/groupcache
  version: 02826c3e79038b59d737d3b1c0a1d937f71a4433
  subpackages:
  - lru
- name: github.com/golang/protobuf
  version: 4bd1920723d7b7c925de087aa32e2187708897f7
  subpackages:
  - jsonpb
  - proto
  - ptypes
  - ptypes/any
  - ptypes/duration
  - ptypes/timestamp
- name: github.com/google/btree
  version: 7d79101e329e5a3adf994758c578dab82b90c017
- name: github.com/google/go-cmp
  version: 97a1ff3c48253a51c601f6e4420181273b6ca0ea
  subpackages:
  - cmp
  - cmp/internal/diff
  - cmp/internal/function
  - cmp/internal/value
- name: github.com/google/go-querystring
  version: 53e6ce116135b80d037921a7fdd5138cf32d7a8a
  subpackages:
  - query
- name: github.com/google/gofuzz
  version: 44d81051d367757e1c7c6a5a86423ece9afcf63c
- name: github.com/google/uuid
  version: e367a344cbe8e08149f9951115dc299ebd42b919
- name: github.com/googleapis/gnostic
  version: 0c5108395e2debce0d731cf0287ddf7242066aba
  subpackages:
  - OpenAPIv2
  - compiler
  - extensions
- name: github.com/gophercloud/gophercloud
  version: 2bf16b94fdd9b01557c4d076e567fe5cbbe5a961
  subpackages:
  - openstack
  - openstack/identity/v2/tenants
  - openstack/identity/v2/tokens
  - openstack/identity/v3/tokens
  - openstack/utils
  - pagination
- name: github.com/gorilla/context
  version: 215affda49addc4c8ef7e2534915df2c8c35c6cd
- name: github.com/gorilla/mux
  version: 8096f47503459bcc74d1f4c487b7e6e42e5746b5
- name: github.com/graymeta/stow
  version: 6f2b8867a3fb15cca5507da1d552b55cfe5d07a7
  repo: https://github.com/appscode/stow.git
  vcs: git
  subpackages:
  - azure
  - google
  - local
  - s3
  - swift
- name: github.com/gregjones/httpcache
  version: 787624de3eb7bd915c329cba748687a3b22666a6
  subpackages:
  - diskcache
- name: github.com/hashicorp/go-version
  version: ac737305c16432f4c660c6fc68cdcda4b5a0b5ae
  repo: https://github.com/appscode/go-version.git
  vcs: git
- name: github.com/hashicorp/golang-lru
  version: a0d98a5f288019575c6d1f4bb1573fef2d1fcdc4
  subpackages:
  - simplelru
- name: github.com/heroku/docker-registry-client
  version: fd2fe803496897db70c236ee244f41487ea92ec2
  subpackages:
  - registry
- name: github.com/howeyc/gopass
  version: bf9dde6d0d2c004a008c27aaee91170c786f6db8
- name: github.com/imdario/mergo
  version: 6633656539c1639d9d78127b7d47c622b5d7b6dc
- name: github.com/inconshreveable/mousetrap
  version: 76626ae9c91c4f2a10f34cad8ce83ea42c93bb75
- name: github.com/jmespath/go-jmespath
  version: 3433f3ea46d9f8019119e7dd41274e112a2359a9
- name: github.com/jpillora/go-ogle-analytics
  version: 14b04e0594ef6a9fd943363b135656f0ec8c9d0e
- name: github.com/json-iterator/go
  version: 36b14963da70d11297d313183d7e6388c8510e1e
- name: github.com/juju/ratelimit
  version: 5b9ff866471762aa2ab2dced63c9fb6f53921342
- name: github.com/kubedb/apimachinery
  version: f4fbe461c426dbecefee76e047e3a03058de525c
  subpackages:
  - apis/kubedb
  - apis/kubedb/v1alpha1
  - client/scheme
  - client/typed/kubedb/v1alpha1
  - pkg/docker
  - pkg/storage
  - pkg/validator
- name: github.com/kubedb/elasticsearch
  version: 8c1716f64df7744601ae96ccaaf7dd004c8a659a
  subpackages:
  - pkg/docker
  - pkg/validator
- name: github.com/kubedb/memcached
  version: 3fba5f4ef8fbb838567fa49c1a8d4313df7887cc
  subpackages:
  - pkg/docker
  - pkg/validator
- name: github.com/kubedb/mongodb
  version: ef1b6e14ef979cfaa3d40915f0ff5f8cd8db176d
  subpackages:
  - pkg/docker
  - pkg/validator
- name: github.com/kubedb/mysql
  version: 788ae178f9b3c35c61d814deaa133be1e7b7425a
  subpackages:
  - pkg/docker
  - pkg/validator
- name: github.com/kubedb/postgres
  version: 4b8df806c06a7f50cca577f182793c6a22c92169
  subpackages:
  - pkg/docker
  - pkg/validator
- name: github.com/kubedb/redis
  version: f6572764f926062b2e83a8e17571262c70b0a539
  subpackages:
  - pkg/docker
  - pkg/validator
- name: github.com/mailru/easyjson
  version: d5b7844b561a7bc640052f1b935f7b800330d7e0
  subpackages:
  - buffer
  - jlexer
  - jwriter
- name: github.com/MakeNowJust/heredoc
  version: 1d91351acdc1cb2f2c995864674b754134b86ca7
- name: github.com/matttproud/golang_protobuf_extensions
  version: fc2b8d3a73c4867e51861bbdd5ae3c1f0869dd6a
  subpackages:
  - pbutil
- name: github.com/mitchellh/go-wordwrap
  version: ad45545899c7b13c020ea92b2072220eefad42b8
- name: github.com/ncw/swift
  version: 067578e41c8dd06bf557d02a92a77bd35e97c05a
- name: github.com/opencontainers/go-digest
  version: a6d0ee40d4207ea02364bd3b9e8e77b9159ba1eb
- name: github.com/opencontainers/image-spec
  version: 372ad780f63454fbbbbcc7cf80e5b90245c13e13
  subpackages:
  - specs-go
  - specs-go/v1
- name: github.com/pborman/uuid
  version: ca53cad383cad2479bbba7f7a1a05797ec1386e4
- name: github.com/peterbourgon/diskv
  version: 5f041e8faa004a95c88a202771f4cc3e991971e6
- name: github.com/pkg/errors
  version: a22138067af1c4942683050411a841ade67fe1eb
- name: github.com/prometheus/client_golang
  version: c5b7fccd204277076155f10851dad72b76a49317
  subpackages:
  - prometheus
- name: github.com/prometheus/client_model
  version: fa8ad6fec33561be4280a8f0514318c79d7f6cb6
  subpackages:
  - go
- name: github.com/prometheus/common
  version: 3233b24a36715a2fe36d162260457857a56d672d
  subpackages:
  - expfmt
  - internal/bitbucket.org/ww/goautoneg
  - model
- name: github.com/prometheus/procfs
  version: 65c1f6f8f0fc1e2185eb9863a3bc751496404259
  subpackages:
  - xfs
- name: github.com/PuerkitoBio/purell
  version: 8a290539e2e8629dbc4e6bad948158f790ec31f4
- name: github.com/PuerkitoBio/urlesc
  version: 5bd2802263f21d8788851d5305584c82a5c75d7e
- name: github.com/russross/blackfriday
  version: 300106c228d52c8941d4b3de6054a6062a86dda3
- name: github.com/satori/uuid
  version: 5bf94b69c6b68ee1b541973bb8e1144db23a194b
- name: github.com/sergi/go-diff
  version: 97b2266dfe4bd4ea1b81a463322f04f8b724801e
  subpackages:
  - diffmatchpatch
- name: github.com/shurcooL/sanitized_anchor_name
  version: 10ef21a441db47d8b13ebcc5fd2310f636973c77
- name: github.com/sirupsen/logrus
  version: f006c2ac4710855cf0f916dd6b77acf6b048dc6e
- name: github.com/spf13/cobra
  version: b95ab734e27d33e0d8fbabf71ca990568d4e2020
  subpackages:
  - doc
- name: github.com/spf13/pflag
  version: e57e3eeb33f795204c1ca35f56c44f83227c6e66
- name: github.com/yudai/gojsondiff
  version: 7b1b7adf999dab73a6eb02669c3d82dbb27a3dd6
  subpackages:
  - formatter
- name: github.com/yudai/golcs
  version: d1c525dea8ce39ea9a783d33cf08932305373f2c
- name: golang.org/x/crypto
  version: 81e90905daefcd6fd217b62423c0908922eadb30
  subpackages:
  - ssh/terminal
- name: golang.org/x/net
  version: 1c05540f6879653db88113bc4a2b70aec4bd491f
  subpackages:
  - context
  - context/ctxhttp
  - http2
  - http2/hpack
  - idna
  - lex/httplex
- name: golang.org/x/oauth2
  version: a6bd8cefa1811bd24b86f8902872e4e8225f74c4
  subpackages:
  - google
  - internal
  - jws
  - jwt
- name: golang.org/x/sys
  version: 7ddbeae9ae08c6a06a59597f0c9edbc5ff2444ce
  subpackages:
  - unix
  - windows
- name: golang.org/x/text
  version: b19bf474d317b857955b12035d2c5acb57ce8b01
  subpackages:
  - cases
  - encoding
  - encoding/internal
  - encoding/internal/identifier
  - encoding/unicode
  - internal
  - internal/tag
  - internal/utf8internal
  - language
  - runes
  - secure/bidirule
  - secure/precis
  - transform
  - unicode/bidi
  - unicode/norm
  - width
- name: google.golang.org/api
  version: 92c31202d4179425301c9ad5a63abd8df45a9674
  subpackages:
  - gensupport
  - googleapi
  - googleapi/internal/uritemplates
  - storage/v1
- name: google.golang.org/appengine
  version: 4f7eeb5305a4ba1966344836ba4af9996b7b4e05
  subpackages:
  - internal
  - internal/app_identity
  - internal/base
  - internal/datastore
  - internal/log
  - internal/modules
  - internal/remote_api
  - internal/urlfetch
  - urlfetch
- name: gopkg.in/inf.v0
  version: 3887ee99ecf07df5b447e9b00d9c0b2adaa9f3e4
- name: gopkg.in/yaml.v2
  version: 53feefa2559fb8dfa8d81baad31be332c97d6c77
- name: k8s.io/api
  version: fe29995db37613b9c5b2a647544cf627bfa8d299
  subpackages:
  - admissionregistration/v1alpha1
  - apps/v1beta1
  - apps/v1beta2
  - authentication/v1
  - authentication/v1beta1
  - authorization/v1
  - authorization/v1beta1
  - autoscaling/v1
  - autoscaling/v2beta1
  - batch/v1
  - batch/v1beta1
  - batch/v2alpha1
  - certificates/v1beta1
  - core/v1
  - extensions/v1beta1
  - networking/v1
  - policy/v1beta1
  - rbac/v1
  - rbac/v1alpha1
  - rbac/v1beta1
  - scheduling/v1alpha1
  - settings/v1alpha1
  - storage/v1
  - storage/v1beta1
- name: k8s.io/apiextensions-apiserver
  version: 996a70a27a0dcf53642ca52601b9107cb2ad810a
  subpackages:
  - pkg/apis/apiextensions
  - pkg/apis/apiextensions/v1beta1
  - pkg/client/clientset/clientset/scheme
  - pkg/client/clientset/clientset/typed/apiextensions/v1beta1
  - pkg/features
- name: k8s.io/apimachinery
  version: 019ae5ada31de202164b118aee88ee2d14075c31
  subpackages:
  - pkg/api/equality
  - pkg/api/errors
  - pkg/api/meta
  - pkg/api/resource
  - pkg/api/validation
  - pkg/apimachinery
  - pkg/apimachinery/announced
  - pkg/apimachinery/registered
  - pkg/apis/meta/internalversion
  - pkg/apis/meta/v1
  - pkg/apis/meta/v1/unstructured
  - pkg/apis/meta/v1/validation
  - pkg/apis/meta/v1alpha1
  - pkg/conversion
  - pkg/conversion/queryparams
  - pkg/conversion/unstructured
  - pkg/fields
  - pkg/labels
  - pkg/runtime
  - pkg/runtime/schema
  - pkg/runtime/serializer
  - pkg/runtime/serializer/json
  - pkg/runtime/serializer/protobuf
  - pkg/runtime/serializer/recognizer
  - pkg/runtime/serializer/streaming
  - pkg/runtime/serializer/versioning
  - pkg/selection
  - pkg/types
  - pkg/util/cache
  - pkg/util/clock
  - pkg/util/diff
  - pkg/util/errors
  - pkg/util/framer
  - pkg/util/httpstream
  - pkg/util/httpstream/spdy
  - pkg/util/intstr
  - pkg/util/json
  - pkg/util/jsonmergepatch
  - pkg/util/mergepatch
  - pkg/util/net
  - pkg/util/rand
  - pkg/util/remotecommand
  - pkg/util/runtime
  - pkg/util/sets
  - pkg/util/strategicpatch
  - pkg/util/uuid
  - pkg/util/validation
  - pkg/util/validation/field
  - pkg/util/wait
  - pkg/util/yaml
  - pkg/version
  - pkg/watch
  - third_party/forked/golang/json
  - third_party/forked/golang/netutil
  - third_party/forked/golang/reflect
- name: k8s.io/apiserver
  version: 2279c12eff8d4d1dc65a104dac36483c1b59ff54
  subpackages:
  - pkg/admission
  - pkg/admission/initializer
  - pkg/admission/plugin/namespace/lifecycle
  - pkg/apis/apiserver
  - pkg/apis/apiserver/install
  - pkg/apis/apiserver/v1alpha1
  - pkg/apis/audit
  - pkg/apis/audit/install
  - pkg/apis/audit/v1alpha1
  - pkg/apis/audit/v1beta1
  - pkg/apis/audit/validation
  - pkg/audit
  - pkg/audit/policy
  - pkg/authentication/authenticator
  - pkg/authentication/authenticatorfactory
  - pkg/authentication/group
  - pkg/authentication/request/anonymous
  - pkg/authentication/request/bearertoken
  - pkg/authentication/request/headerrequest
  - pkg/authentication/request/union
  - pkg/authentication/request/websocket
  - pkg/authentication/request/x509
  - pkg/authentication/serviceaccount
  - pkg/authentication/token/tokenfile
  - pkg/authentication/user
  - pkg/authorization/authorizer
  - pkg/authorization/authorizerfactory
  - pkg/authorization/union
  - pkg/endpoints
  - pkg/endpoints/discovery
  - pkg/endpoints/filters
  - pkg/endpoints/handlers
  - pkg/endpoints/handlers/negotiation
  - pkg/endpoints/handlers/responsewriters
  - pkg/endpoints/metrics
  - pkg/endpoints/openapi
  - pkg/endpoints/request
  - pkg/features
  - pkg/registry/generic
  - pkg/registry/generic/registry
  - pkg/registry/rest
  - pkg/server
  - pkg/server/filters
  - pkg/server/healthz
  - pkg/server/httplog
  - pkg/server/mux
  - pkg/server/options
  - pkg/server/routes
  - pkg/server/routes/data/swagger
  - pkg/server/storage
  - pkg/storage
  - pkg/storage/errors
  - pkg/storage/etcd
  - pkg/storage/etcd/metrics
  - pkg/storage/etcd/util
  - pkg/storage/etcd3
  - pkg/storage/etcd3/preflight
  - pkg/storage/names
  - pkg/storage/storagebackend
  - pkg/storage/storagebackend/factory
  - pkg/storage/value
  - pkg/util/feature
  - pkg/util/flag
  - pkg/util/flushwriter
  - pkg/util/logs
  - pkg/util/trace
  - pkg/util/webhook
  - pkg/util/wsstream
  - plugin/pkg/audit/log
  - plugin/pkg/audit/webhook
  - plugin/pkg/authenticator/token/webhook
  - plugin/pkg/authorizer/webhook
- name: k8s.io/client-go
  version: 35874c597fed17ca62cd197e516d7d5ff9a2958c
  subpackages:
  - discovery
  - dynamic
  - informers/apps/v1beta1
  - informers/core/v1
  - informers/extensions/v1beta1
  - informers/internalinterfaces
  - kubernetes
  - kubernetes/scheme
  - kubernetes/typed/admissionregistration/v1alpha1
  - kubernetes/typed/apps/v1beta1
  - kubernetes/typed/apps/v1beta2
  - kubernetes/typed/authentication/v1
  - kubernetes/typed/authentication/v1beta1
  - kubernetes/typed/authorization/v1
  - kubernetes/typed/authorization/v1beta1
  - kubernetes/typed/autoscaling/v1
  - kubernetes/typed/autoscaling/v2beta1
  - kubernetes/typed/batch/v1
  - kubernetes/typed/batch/v1beta1
  - kubernetes/typed/batch/v2alpha1
  - kubernetes/typed/certificates/v1beta1
  - kubernetes/typed/core/v1
  - kubernetes/typed/extensions/v1beta1
  - kubernetes/typed/networking/v1
  - kubernetes/typed/policy/v1beta1
  - kubernetes/typed/rbac/v1
  - kubernetes/typed/rbac/v1alpha1
  - kubernetes/typed/rbac/v1beta1
  - kubernetes/typed/scheduling/v1alpha1
  - kubernetes/typed/settings/v1alpha1
  - kubernetes/typed/storage/v1
  - kubernetes/typed/storage/v1beta1
  - listers/apps/v1beta1
  - listers/core/v1
  - listers/extensions/v1beta1
  - pkg/version
  - plugin/pkg/client/auth
  - plugin/pkg/client/auth/azure
  - plugin/pkg/client/auth/gcp
  - plugin/pkg/client/auth/oidc
  - plugin/pkg/client/auth/openstack
  - rest
  - rest/watch
  - third_party/forked/golang/template
  - tools/auth
  - tools/cache
  - tools/clientcmd
  - tools/clientcmd/api
  - tools/clientcmd/api/latest
  - tools/clientcmd/api/v1
  - tools/metrics
  - tools/pager
  - tools/portforward
  - tools/record
  - tools/reference
  - tools/remotecommand
  - transport
  - transport/spdy
  - util/cert
  - util/exec
  - util/flowcontrol
  - util/homedir
  - util/integer
  - util/jsonpath
  - util/retry
  - util/workqueue
- name: k8s.io/kube-openapi
  version: 868f2f29720b192240e18284659231b440f9cda5
  subpackages:
  - pkg/common
- name: k8s.io/kubernetes
  version: 0b9efaeb34a2fc51ff8e4d34ad9bc6375459c4a4
  subpackages:
  - federation/apis/federation
  - federation/apis/federation/install
  - federation/apis/federation/v1beta1
  - federation/client/clientset_generated/federation_clientset
  - federation/client/clientset_generated/federation_clientset/scheme
  - federation/client/clientset_generated/federation_clientset/typed/autoscaling/v1
  - federation/client/clientset_generated/federation_clientset/typed/batch/v1
  - federation/client/clientset_generated/federation_clientset/typed/core/v1
  - federation/client/clientset_generated/federation_clientset/typed/extensions/v1beta1
  - federation/client/clientset_generated/federation_clientset/typed/federation/v1beta1
  - pkg/api
  - pkg/api/events
  - pkg/api/helper
  - pkg/api/helper/qos
  - pkg/api/install
  - pkg/api/pod
  - pkg/api/ref
  - pkg/api/resource
  - pkg/api/service
  - pkg/api/util
  - pkg/api/v1
  - pkg/api/v1/helper
  - pkg/api/v1/helper/qos
  - pkg/api/v1/pod
  - pkg/api/validation
  - pkg/apis/admissionregistration
  - pkg/apis/admissionregistration/install
  - pkg/apis/admissionregistration/v1alpha1
  - pkg/apis/apps
  - pkg/apis/apps/install
  - pkg/apis/apps/v1beta1
  - pkg/apis/apps/v1beta2
  - pkg/apis/authentication
  - pkg/apis/authentication/install
  - pkg/apis/authentication/v1
  - pkg/apis/authentication/v1beta1
  - pkg/apis/authorization
  - pkg/apis/authorization/install
  - pkg/apis/authorization/v1
  - pkg/apis/authorization/v1beta1
  - pkg/apis/autoscaling
  - pkg/apis/autoscaling/install
  - pkg/apis/autoscaling/v1
  - pkg/apis/autoscaling/v2beta1
  - pkg/apis/batch
  - pkg/apis/batch/install
  - pkg/apis/batch/v1
  - pkg/apis/batch/v1beta1
  - pkg/apis/batch/v2alpha1
  - pkg/apis/certificates
  - pkg/apis/certificates/install
  - pkg/apis/certificates/v1beta1
  - pkg/apis/componentconfig
  - pkg/apis/componentconfig/install
  - pkg/apis/componentconfig/v1alpha1
  - pkg/apis/extensions
  - pkg/apis/extensions/install
  - pkg/apis/extensions/v1beta1
  - pkg/apis/networking
  - pkg/apis/networking/install
  - pkg/apis/networking/v1
  - pkg/apis/policy
  - pkg/apis/policy/install
  - pkg/apis/policy/v1beta1
  - pkg/apis/rbac
  - pkg/apis/rbac/install
  - pkg/apis/rbac/v1
  - pkg/apis/rbac/v1alpha1
  - pkg/apis/rbac/v1beta1
  - pkg/apis/scheduling
  - pkg/apis/scheduling/install
  - pkg/apis/scheduling/v1alpha1
  - pkg/apis/settings
  - pkg/apis/settings/install
  - pkg/apis/settings/v1alpha1
  - pkg/apis/storage
  - pkg/apis/storage/install
  - pkg/apis/storage/util
  - pkg/apis/storage/v1
  - pkg/apis/storage/v1beta1
  - pkg/capabilities
  - pkg/client/clientset_generated/internalclientset
  - pkg/client/clientset_generated/internalclientset/scheme
  - pkg/client/clientset_generated/internalclientset/typed/admissionregistration/internalversion
  - pkg/client/clientset_generated/internalclientset/typed/apps/internalversion
  - pkg/client/clientset_generated/internalclientset/typed/authentication/internalversion
  - pkg/client/clientset_generated/internalclientset/typed/authorization/internalversion
  - pkg/client/clientset_generated/internalclientset/typed/autoscaling/internalversion
  - pkg/client/clientset_generated/internalclientset/typed/batch/internalversion
  - pkg/client/clientset_generated/internalclientset/typed/certificates/internalversion
  - pkg/client/clientset_generated/internalclientset/typed/core/internalversion
  - pkg/client/clientset_generated/internalclientset/typed/extensions/internalversion
  - pkg/client/clientset_generated/internalclientset/typed/networking/internalversion
  - pkg/client/clientset_generated/internalclientset/typed/policy/internalversion
  - pkg/client/clientset_generated/internalclientset/typed/rbac/internalversion
  - pkg/client/clientset_generated/internalclientset/typed/scheduling/internalversion
  - pkg/client/clientset_generated/internalclientset/typed/settings/internalversion
  - pkg/client/clientset_generated/internalclientset/typed/storage/internalversion
  - pkg/client/unversioned
  - pkg/controller
  - pkg/controller/daemon
  - pkg/controller/daemon/util
  - pkg/controller/deployment/util
  - pkg/controller/history
  - pkg/controller/statefulset
  - pkg/credentialprovider
  - pkg/features
  - pkg/fieldpath
  - pkg/kubectl
  - pkg/kubectl/cmd/templates
  - pkg/kubectl/cmd/util
  - pkg/kubectl/cmd/util/editor
  - pkg/kubectl/cmd/util/openapi
  - pkg/kubectl/cmd/util/openapi/validation
  - pkg/kubectl/plugins
  - pkg/kubectl/resource
  - pkg/kubectl/util
  - pkg/kubectl/util/crlf
  - pkg/kubectl/util/hash
  - pkg/kubectl/util/slice
  - pkg/kubectl/util/term
  - pkg/kubectl/validation
  - pkg/kubelet/apis
  - pkg/kubelet/qos
  - pkg/kubelet/types
  - pkg/master/ports
  - pkg/printers
  - pkg/printers/internalversion
  - pkg/registry/rbac/validation
  - pkg/security/apparmor
  - pkg/serviceaccount
  - pkg/util/file
  - pkg/util/hash
  - pkg/util/interrupt
  - pkg/util/io
  - pkg/util/labels
  - pkg/util/metrics
  - pkg/util/mount
  - pkg/util/net/sets
  - pkg/util/node
  - pkg/util/parsers
  - pkg/util/pointer
  - pkg/util/slice
  - pkg/util/taints
  - pkg/version
  - pkg/volume/util
  - plugin/pkg/scheduler/algorithm
  - plugin/pkg/scheduler/algorithm/predicates
  - plugin/pkg/scheduler/algorithm/priorities/util
  - plugin/pkg/scheduler/api
  - plugin/pkg/scheduler/schedulercache
  - plugin/pkg/scheduler/util
  - staging/src/k8s.io/apimachinery/pkg/util/rand
- name: k8s.io/metrics
  version: 1c9c9d9dd5fbc5954f19e06aaa557b34c9857a5c
  subpackages:
  - pkg/apis/metrics
  - pkg/apis/metrics/v1alpha1
  - pkg/apis/metrics/v1beta1
  - pkg/client/clientset_generated/clientset
  - pkg/client/clientset_generated/clientset/scheme
  - pkg/client/clientset_generated/clientset/typed/metrics/v1alpha1
  - pkg/client/clientset_generated/clientset/typed/metrics/v1beta1
- name: k8s.io/utils
  version: 9fdc871a36f37980dd85f96d576b20d564cc0784
  subpackages:
  - exec
  - exec/testing
- name: vbom.ml/util
  version: db5cfe13f5cc80a4990d98e2e1b0707a4d1a5394
  subpackages:
  - sortorder
testImports: []
